# This file is autogenerated, do not edit; changes may be undone by the next 'dep ensure'.


[[projects]]
  name = "github.com/Sirupsen/logrus"
  packages = ["."]
  revision = "c155da19408a8799da419ed3eeb0cb5db0ad5dbc"
  version = "v1.0.5"

[[projects]]
  name = "github.com/k8s-community/github-integration"
  packages = ["client"]
  revision = "a4d05800f5c3d3524adb685a2efc892576bb0751"
  version = "0.6.4"

[[projects]]
  name = "github.com/octago/sflags"
  packages = [".","gen/gflag"]
  revision = "efb9cde83c817d30590cf630661142196dea4b6b"
  version = "v0.2.0"

[[projects]]
  name = "github.com/openprovider/handlers"
  packages = ["info"]
  revision = "38a673f26616c3a99a720e13fa0eb7ebe0b4ca5d"
  version = "0.1.1"

[[projects]]
  name = "github.com/satori/go.uuid"
  packages = ["."]
  revision = "f58768cc1a7a7e77a3bd49e98cdd21419399b6a3"
  version = "v1.2.0"

[[projects]]
  name = "github.com/takama/daemon"
  packages = ["."]
  revision = "aa76b0035d1239b7bb3ae1bd84cd88ef2e0a1f1e"
  version = "0.11.0"

[[projects]]
  name = "github.com/takama/router"
  packages = ["."]
  revision = "0db9d28f71e2a29c7b82ea6a0851bb0dedeaf744"
  version = "0.6.5"

[[projects]]
  branch = "master"
  name = "golang.org/x/crypto"
  packages = ["ssh/terminal"]
  revision = "a8fb68e7206f8c78be19b432c58eb52a6aa34462"

[[projects]]
  branch = "master"
  name = "golang.org/x/sys"
  packages = ["unix","windows","windows/registry","windows/svc","windows/svc/mgr"]
  revision = "6c888cc515d3ed83fc103cf1d84468aad274b0a7"

[solve-meta]
  analyzer-name = "dep"
  analyzer-version = 1
  inputs-digest = "f4f4363caac3c028d3527157f386c55296f716979f33de4ddd8a1cc92b1ef404"
  solver-name = "gps-cdcl"
  solver-version = 1
